
Microsoft Visual Studio Solution File, Format Version 12.00
# Visual Studio Version 17
VisualStudioVersion = 17.13.35931.197
MinimumVisualStudioVersion = 10.0.40219.1
Project("{FAE04EC0-301F-11D3-BF4B-00C04F79EFBC}") = "ms-users", "ms-users.csproj", "{D34A2E7D-9C45-FD27-3AED-5C71128D2AAB}"
EndProject
Project("{FAE04EC0-301F-11D3-BF4B-00C04F79EFBC}") = "ms-users.Tests", "ms-users.Tests\ms-users.Tests.csproj", "{CA6B6FBD-57C9-4610-8A11-2A0DA2D2258D}"
EndProject
Global
	GlobalSection(SolutionConfigurationPlatforms) = preSolution
		Debug|Any CPU = Debug|Any CPU
		Debug|x64 = Debug|x64
		Debug|x86 = Debug|x86
		Release|Any CPU = Release|Any CPU
		Release|x64 = Release|x64
		Release|x86 = Release|x86
	EndGlobalSection
	GlobalSection(ProjectConfigurationPlatforms) = postSolution
		{D34A2E7D-9C45-FD27-3AED-5C71128D2AAB}.Debug|Any CPU.ActiveCfg = Debug|Any CPU
		{D34A2E7D-9C45-FD27-3AED-5C71128D2AAB}.Debug|Any CPU.Build.0 = Debug|Any CPU
		{D34A2E7D-9C45-FD27-3AED-5C71128D2AAB}.Debug|x64.ActiveCfg = Debug|Any CPU
		{D34A2E7D-9C45-FD27-3AED-5C71128D2AAB}.Debug|x64.Build.0 = Debug|Any CPU
		{D34A2E7D-9C45-FD27-3AED-5C71128D2AAB}.Debug|x86.ActiveCfg = Debug|Any CPU
		{D34A2E7D-9C45-FD27-3AED-5C71128D2AAB}.Debug|x86.Build.0 = Debug|Any CPU
		{D34A2E7D-9C45-FD27-3AED-5C71128D2AAB}.Release|Any CPU.ActiveCfg = Release|Any CPU
		{D34A2E7D-9C45-FD27-3AED-5C71128D2AAB}.Release|Any CPU.Build.0 = Release|Any CPU
		{D34A2E7D-9C45-FD27-3AED-5C71128D2AAB}.Release|x64.ActiveCfg = Release|Any CPU
		{D34A2E7D-9C45-FD27-3AED-5C71128D2AAB}.Release|x64.Build.0 = Release|Any CPU
		{D34A2E7D-9C45-FD27-3AED-5C71128D2AAB}.Release|x86.ActiveCfg = Release|Any CPU
		{D34A2E7D-9C45-FD27-3AED-5C71128D2AAB}.Release|x86.Build.0 = Release|Any CPU
		{CA6B6FBD-57C9-4610-8A11-2A0DA2D2258D}.Debug|Any CPU.ActiveCfg = Debug|Any CPU
		{CA6B6FBD-57C9-4610-8A11-2A0DA2D2258D}.Debug|Any CPU.Build.0 = Debug|Any CPU
		{CA6B6FBD-57C9-4610-8A11-2A0DA2D2258D}.Debug|x64.ActiveCfg = Debug|Any CPU
		{CA6B6FBD-57C9-4610-8A11-2A0DA2D2258D}.Debug|x64.Build.0 = Debug|Any CPU
		{CA6B6FBD-57C9-4610-8A11-2A0DA2D2258D}.Debug|x86.ActiveCfg = Debug|Any CPU
		{CA6B6FBD-57C9-4610-8A11-2A0DA2D2258D}.Debug|x86.Build.0 = Debug|Any CPU
		{CA6B6FBD-57C9-4610-8A11-2A0DA2D2258D}.Release|Any CPU.ActiveCfg = Release|Any CPU
		{CA6B6FBD-57C9-4610-8A11-2A0DA2D2258D}.Release|Any CPU.Build.0 = Release|Any CPU
		{CA6B6FBD-57C9-4610-8A11-2A0DA2D2258D}.Release|x64.ActiveCfg = Release|Any CPU
		{CA6B6FBD-57C9-4610-8A11-2A0DA2D2258D}.Release|x64.Build.0 = Release|Any CPU
		{CA6B6FBD-57C9-4610-8A11-2A0DA2D2258D}.Release|x86.ActiveCfg = Release|Any CPU
		{CA6B6FBD-57C9-4610-8A11-2A0DA2D2258D}.Release|x86.Build.0 = Release|Any CPU
	EndGlobalSection
	GlobalSection(SolutionProperties) = preSolution
		HideSolutionNode = FALSE
	EndGlobalSection
	GlobalSection(ExtensibilityGlobals) = postSolution
		SolutionGuid = {EE19D68B-DF93-452C-80A5-F7CEAAEA2247}
	EndGlobalSection
EndGlobal
